{
    "_readme": [
        "This file locks the dependencies of your project to a known state",
        "Read more about it at http://getcomposer.org/doc/01-basic-usage.md#composer-lock-the-lock-file"
    ],
    "hash": "c87bbadc95f8af523635a3b9e07dcd56",
    "packages": [
        {
            "name": "carica/io",
            "version": "dev-master",
            "source": {
                "type": "git",
                "url": "https://github.com/ThomasWeinert/carica-io.git",
                "reference": "e65912f04eff3361431dcc407a5cbf0cf0d51f05"
            },
            "dist": {
                "type": "zip",
                "url": "https://api.github.com/repos/ThomasWeinert/carica-io/zipball/e65912f04eff3361431dcc407a5cbf0cf0d51f05",
                "reference": "e65912f04eff3361431dcc407a5cbf0cf0d51f05",
                "shasum": ""
            },
            "require": {
                "php": ">=5.4"
            },
            "type": "library",
            "autoload": {
                "psr-4": {
                    "Carica\\Io\\": "src\\"
                }
            },
            "notification-url": "https://packagist.org/downloads/",
            "license": [
                "MIT"
            ],
            "authors": [
                {
                    "name": "Thomas Weinert",
                    "email": "thomas@weinert.info"
                }
            ],
            "description": "Non blocking I/O for PHP",
            "homepage": "https://github.com/ThomasWeinert/carica-io",
            "keywords": [
                "asynchronous-io",
                "non-blocking-io"
            ],
            "time": "2014-04-30 21:12:16"
        }
    ],
    "packages-dev": [

    ],
    "aliases": [

    ],
    "minimum-stability": "stable",
    "stability-flags": {
        "carica/io": 20
    },
    "platform": {
        "php": ">=5.4"
    },
    "platform-dev": [

    ]
}
