{
    "_readme": [
        "This file locks the dependencies of your project to a known state",
        "Read more about it at http://getcomposer.org/doc/01-basic-usage.md#composer-lock-the-lock-file"
    ],
    "hash": "0d5072eba061fa9a56ba58a9d976b581",
    "packages": [
        {
            "name": "carica/io",
            "version": "dev-master",
            "source": {
                "type": "git",
                "url": "https://bitbucket.org/ThomasWeinert/carica-io.git",
                "reference": "028cfec37dc01d6c447f1e2b35f9830e6cf48168"
            },
            "dist": {
                "type": "zip",
                "url": "https://bitbucket.org/ThomasWeinert/carica-io/get/028cfec37dc01d6c447f1e2b35f9830e6cf48168.zip",
                "reference": "028cfec37dc01d6c447f1e2b35f9830e6cf48168",
                "shasum": ""
            },
            "require": {
                "php": ">=5.4"
            },
            "type": "library",
            "autoload": {
                "psr-0": {
                    "Carica\\Io": "src"
                }
            },
            "notification-url": "http://packagist.org/downloads/",
            "license": [
                "MIT"
            ],
            "authors": [
                {
                    "name": "Thomas Weinert",
                    "email": "thomas@weinert.info"
                }
            ],
            "description": "Non blocking I/O for PHP",
            "homepage": "https://bitbucket.org/ThomasWeinert/carica-io/",
            "keywords": [
                "asynchronous-io",
                "non-blocking-io"
            ],
            "time": "2013-06-13 15:02:33"
        }
    ],
    "packages-dev": [

    ],
    "aliases": [

    ],
    "minimum-stability": "stable",
    "stability-flags": {
        "carica/io": 20
    },
    "platform": {
        "php": ">=5.4"
    },
    "platform-dev": [

    ]
}
